
Microsoft Visual Studio Solution File, Format Version 12.00
# Visual Studio Version 17
VisualStudioVersion = 17.1.32407.343
MinimumVisualStudioVersion = 10.0.40219.1
Project("{FAE04EC0-301F-11D3-BF4B-00C04F79EFBC}") = "Proiect_BD_SituatieScolara", "Proiect_BD_SituatieScolara.csproj", "{3EB3D2F9-7E11-4B1E-ABC1-863DEA195BC8}"
EndProject
Global
	GlobalSection(SolutionConfigurationPlatforms) = preSolution
		Debug|Any CPU = Debug|Any CPU
		Release|Any CPU = Release|Any CPU
	EndGlobalSection
	GlobalSection(ProjectConfigurationPlatforms) = postSolution
		{3EB3D2F9-7E11-4B1E-ABC1-863DEA195BC8}.Debug|Any CPU.ActiveCfg = Debug|Any CPU
		{3EB3D2F9-7E11-4B1E-ABC1-863DEA195BC8}.Debug|Any CPU.Build.0 = Debug|Any CPU
		{3EB3D2F9-7E11-4B1E-ABC1-863DEA195BC8}.Release|Any CPU.ActiveCfg = Release|Any CPU
		{3EB3D2F9-7E11-4B1E-ABC1-863DEA195BC8}.Release|Any CPU.Build.0 = Release|Any CPU
	EndGlobalSection
	GlobalSection(SolutionProperties) = preSolution
		HideSolutionNode = FALSE
	EndGlobalSection
	GlobalSection(ExtensibilityGlobals) = postSolution
		SolutionGuid = {DE71E143-B673-4F0A-A74C-B203ECBA993A}
	EndGlobalSection
EndGlobal
